// !$*UTF8*$!
{
	archiveVersion = 1;
	classes = {
	};
	objectVersion = 50;
	objects = {

/* Begin PBXBuildFile section */
		0D5081E321A9CE430018D1BA /* CategoryViewController.swift in Sources */ = {isa = PBXBuildFile; fileRef = 0D5081E221A9CE430018D1BA /* CategoryViewController.swift */; };
		0DBFFC3921A7FFDD00EA5B37 /* AppDelegate.swift in Sources */ = {isa = PBXBuildFile; fileRef = 0DBFFC3821A7FFDD00EA5B37 /* AppDelegate.swift */; };
		0DBFFC3B21A7FFDD00EA5B37 /* ToDoListViewController.swift in Sources */ = {isa = PBXBuildFile; fileRef = 0DBFFC3A21A7FFDD00EA5B37 /* ToDoListViewController.swift */; };
		0DBFFC3E21A7FFDD00EA5B37 /* Main.storyboard in Resources */ = {isa = PBXBuildFile; fileRef = 0DBFFC3C21A7FFDD00EA5B37 /* Main.storyboard */; };
		0DBFFC4021A7FFDE00EA5B37 /* Assets.xcassets in Resources */ = {isa = PBXBuildFile; fileRef = 0DBFFC3F21A7FFDE00EA5B37 /* Assets.xcassets */; };
		0DBFFC4321A7FFDE00EA5B37 /* LaunchScreen.storyboard in Resources */ = {isa = PBXBuildFile; fileRef = 0DBFFC4121A7FFDE00EA5B37 /* LaunchScreen.storyboard */; };
		0DBFFC7321A94CF900EA5B37 /* DataModel.xcdatamodeld in Sources */ = {isa = PBXBuildFile; fileRef = 0DBFFC7121A94CF900EA5B37 /* DataModel.xcdatamodeld */; };
/* End PBXBuildFile section */

/* Begin PBXFileReference section */
		0D5081E221A9CE430018D1BA /* CategoryViewController.swift */ = {isa = PBXFileReference; lastKnownFileType = sourcecode.swift; path = CategoryViewController.swift; sourceTree = "<group>"; };
		0DBFFC3521A7FFDD00EA5B37 /* ToDoApp.app */ = {isa = PBXFileReference; explicitFileType = wrapper.application; includeInIndex = 0; path = ToDoApp.app; sourceTree = BUILT_PRODUCTS_DIR; };
		0DBFFC3821A7FFDD00EA5B37 /* AppDelegate.swift */ = {isa = PBXFileReference; lastKnownFileType = sourcecode.swift; path = AppDelegate.swift; sourceTree = "<group>"; };
		0DBFFC3A21A7FFDD00EA5B37 /* ToDoListViewController.swift */ = {isa = PBXFileReference; lastKnownFileType = sourcecode.swift; path = ToDoListViewController.swift; sourceTree = "<group>"; };
		0DBFFC3D21A7FFDD00EA5B37 /* Base */ = {isa = PBXFileReference; lastKnownFileType = file.storyboard; name = Base; path = Base.lproj/Main.storyboard; sourceTree = "<group>"; };
		0DBFFC3F21A7FFDE00EA5B37 /* Assets.xcassets */ = {isa = PBXFileReference; lastKnownFileType = folder.assetcatalog; path = Assets.xcassets; sourceTree = "<group>"; };
		0DBFFC4221A7FFDE00EA5B37 /* Base */ = {isa = PBXFileReference; lastKnownFileType = file.storyboard; name = Base; path = Base.lproj/LaunchScreen.storyboard; sourceTree = "<group>"; };
		0DBFFC4421A7FFDE00EA5B37 /* Info.plist */ = {isa = PBXFileReference; lastKnownFileType = text.plist.xml; path = Info.plist; sourceTree = "<group>"; };
		0DBFFC7221A94CF900EA5B37 /* DataModel.xcdatamodel */ = {isa = PBXFileReference; lastKnownFileType = wrapper.xcdatamodel; path = DataModel.xcdatamodel; sourceTree = "<group>"; };
/* End PBXFileReference section */

/* Begin PBXFrameworksBuildPhase section */
		0DBFFC3221A7FFDD00EA5B37 /* Frameworks */ = {
			isa = PBXFrameworksBuildPhase;
			buildActionMask = 2147483647;
			files = (
			);
			runOnlyForDeploymentPostprocessing = 0;
		};
/* End PBXFrameworksBuildPhase section */

/* Begin PBXGroup section */
		0DBFFC2C21A7FFDD00EA5B37 = {
			isa = PBXGroup;
			children = (
				0DBFFC3721A7FFDD00EA5B37 /* ToDoApp */,
				0DBFFC3621A7FFDD00EA5B37 /* Products */,
			);
			sourceTree = "<group>";
		};
		0DBFFC3621A7FFDD00EA5B37 /* Products */ = {
			isa = PBXGroup;
			children = (
				0DBFFC3521A7FFDD00EA5B37 /* ToDoApp.app */,
			);
			name = Products;
			sourceTree = "<group>";
		};
		0DBFFC3721A7FFDD00EA5B37 /* ToDoApp */ = {
			isa = PBXGroup;
			children = (
				0DBFFC3821A7FFDD00EA5B37 /* AppDelegate.swift */,
				0DBFFC4D21A9065500EA5B37 /* Controllers */,
				0DBFFC4C21A9061000EA5B37 /* Data Model */,
				0DBFFC4E21A9066F00EA5B37 /* Views */,
				0DBFFC4F21A9069200EA5B37 /* Supporting Files */,
				0DBFFC4421A7FFDE00EA5B37 /* Info.plist */,
			);
			path = ToDoApp;
			sourceTree = "<group>";
		};
		0DBFFC4C21A9061000EA5B37 /* Data Model */ = {
			isa = PBXGroup;
			children = (
				0DBFFC7121A94CF900EA5B37 /* DataModel.xcdatamodeld */,
			);
			path = "Data Model";
			sourceTree = "<group>";
		};
		0DBFFC4D21A9065500EA5B37 /* Controllers */ = {
			isa = PBXGroup;
			children = (
				0D5081E221A9CE430018D1BA /* CategoryViewController.swift */,
				0DBFFC3A21A7FFDD00EA5B37 /* ToDoListViewController.swift */,
			);
			path = Controllers;
			sourceTree = "<group>";
		};
		0DBFFC4E21A9066F00EA5B37 /* Views */ = {
			isa = PBXGroup;
			children = (
				0DBFFC3C21A7FFDD00EA5B37 /* Main.storyboard */,
			);
			path = Views;
			sourceTree = "<group>";
		};
		0DBFFC4F21A9069200EA5B37 /* Supporting Files */ = {
			isa = PBXGroup;
			children = (
				0DBFFC3F21A7FFDE00EA5B37 /* Assets.xcassets */,
				0DBFFC4121A7FFDE00EA5B37 /* LaunchScreen.storyboard */,
			);
			path = "Supporting Files";
			sourceTree = "<group>";
		};
/* End PBXGroup section */

/* Begin PBXNativeTarget section */
		0DBFFC3421A7FFDD00EA5B37 /* ToDoApp */ = {
			isa = PBXNativeTarget;
			buildConfigurationList = 0DBFFC4721A7FFDE00EA5B37 /* Build configuration list for PBXNativeTarget "ToDoApp" */;
			buildPhases = (
				0DBFFC3121A7FFDD00EA5B37 /* Sources */,
				0DBFFC3221A7FFDD00EA5B37 /* Frameworks */,
				0DBFFC3321A7FFDD00EA5B37 /* Resources */,
			);
			buildRules = (
			);
			dependencies = (
			);
			name = ToDoApp;
			productName = ToDoApp;
			productReference = 0DBFFC3521A7FFDD00EA5B37 /* ToDoApp.app */;
			productType = "com.apple.product-type.application";
		};
/* End PBXNativeTarget section */

/* Begin PBXProject section */
		0DBFFC2D21A7FFDD00EA5B37 /* Project object */ = {
			isa = PBXProject;
			attributes = {
				LastSwiftUpdateCheck = 1010;
				LastUpgradeCheck = 1010;
				ORGANIZATIONNAME = "Dontrell Washington";
				TargetAttributes = {
					0DBFFC3421A7FFDD00EA5B37 = {
						CreatedOnToolsVersion = 10.1;
					};
				};
			};
			buildConfigurationList = 0DBFFC3021A7FFDD00EA5B37 /* Build configuration list for PBXProject "ToDoApp" */;
			compatibilityVersion = "Xcode 9.3";
			developmentRegion = en;
			hasScannedForEncodings = 0;
			knownRegions = (
				en,
				Base,
			);
			mainGroup = 0DBFFC2C21A7FFDD00EA5B37;
			productRefGroup = 0DBFFC3621A7FFDD00EA5B37 /* Products */;
			projectDirPath = "";
			projectRoot = "";
			targets = (
				0DBFFC3421A7FFDD00EA5B37 /* ToDoApp */,
			);
		};
/* End PBXProject section */

/* Begin PBXResourcesBuildPhase section */
		0DBFFC3321A7FFDD00EA5B37 /* Resources */ = {
			isa = PBXResourcesBuildPhase;
			buildActionMask = 2147483647;
			files = (
				0DBFFC4321A7FFDE00EA5B37 /* LaunchScreen.storyboard in Resources */,
				0DBFFC4021A7FFDE00EA5B37 /* Assets.xcassets in Resources */,
				0DBFFC3E21A7FFDD00EA5B37 /* Main.storyboard in Resources */,
			);
			runOnlyForDeploymentPostprocessing = 0;
		};
/* End PBXResourcesBuildPhase section */

/* Begin PBXSourcesBuildPhase section */
		0DBFFC3121A7FFDD00EA5B37 /* Sources */ = {
			isa = PBXSourcesBuildPhase;
			buildActionMask = 2147483647;
			files = (
				0D5081E321A9CE430018D1BA /* CategoryViewController.swift in Sources */,
				0DBFFC3B21A7FFDD00EA5B37 /* ToDoListViewController.swift in Sources */,
				0DBFFC7321A94CF900EA5B37 /* DataModel.xcdatamodeld in Sources */,
				0DBFFC3921A7FFDD00EA5B37 /* AppDelegate.swift in Sources */,
			);
			runOnlyForDeploymentPostprocessing = 0;
		};
/* End PBXSourcesBuildPhase section */

/* Begin PBXVariantGroup section */
		0DBFFC3C21A7FFDD00EA5B37 /* Main.storyboard */ = {
			isa = PBXVariantGroup;
			children = (
				0DBFFC3D21A7FFDD00EA5B37 /* Base */,
			);
			name = Main.storyboard;
			sourceTree = "<group>";
		};
		0DBFFC4121A7FFDE00EA5B37 /* LaunchScreen.storyboard */ = {
			isa = PBXVariantGroup;
			children = (
				0DBFFC4221A7FFDE00EA5B37 /* Base */,
			);
			name = LaunchScreen.storyboard;
			sourceTree = "<group>";
		};
/* End PBXVariantGroup section */

/* Begin XCBuildConfiguration section */
		0DBFFC4521A7FFDE00EA5B37 /* Debug */ = {
			isa = XCBuildConfiguration;
			buildSettings = {
				ALWAYS_SEARCH_USER_PATHS = NO;
				CLANG_ANALYZER_NONNULL = YES;
				CLANG_ANALYZER_NUMBER_OBJECT_CONVERSION = YES_AGGRESSIVE;
				CLANG_CXX_LANGUAGE_STANDARD = "gnu++14";
				CLANG_CXX_LIBRARY = "libc++";
				CLANG_ENABLE_MODULES = YES;
				CLANG_ENABLE_OBJC_ARC = YES;
				CLANG_ENABLE_OBJC_WEAK = YES;
				CLANG_WARN_BLOCK_CAPTURE_AUTORELEASING = YES;
				CLANG_WARN_BOOL_CONVERSION = YES;
				CLANG_WARN_COMMA = YES;
				CLANG_WARN_CONSTANT_CONVERSION = YES;
				CLANG_WARN_DEPRECATED_OBJC_IMPLEMENTATIONS = YES;
				CLANG_WARN_DIRECT_OBJC_ISA_USAGE = YES_ERROR;
				CLANG_WARN_DOCUMENTATION_COMMENTS = YES;
				CLANG_WARN_EMPTY_BODY = YES;
				CLANG_WARN_ENUM_CONVERSION = YES;
				CLANG_WARN_INFINITE_RECURSION = YES;
				CLANG_WARN_INT_CONVERSION = YES;
				CLANG_WARN_NON_LITERAL_NULL_CONVERSION = YES;
				CLANG_WARN_OBJC_IMPLICIT_RETAIN_SELF = YES;
				CLANG_WARN_OBJC_LITERAL_CONVERSION = YES;
				CLANG_WARN_OBJC_ROOT_CLASS = YES_ERROR;
				CLANG_WARN_RANGE_LOOP_ANALYSIS = YES;
				CLANG_WARN_STRICT_PROTOTYPES = YES;
				CLANG_WARN_SUSPICIOUS_MOVE = YES;
				CLANG_WARN_UNGUARDED_AVAILABILITY = YES_AGGRESSIVE;
				CLANG_WARN_UNREACHABLE_CODE = YES;
				CLANG_WARN__DUPLICATE_METHOD_MATCH = YES;
				CODE_SIGN_IDENTITY = "iPhone Developer";
				COPY_PHASE_STRIP = NO;
				DEBUG_INFORMATION_FORMAT = dwarf;
				ENABLE_STRICT_OBJC_MSGSEND = YES;
				ENABLE_TESTABILITY = YES;
				GCC_C_LANGUAGE_STANDARD = gnu11;
				GCC_DYNAMIC_NO_PIC = NO;
				GCC_NO_COMMON_BLOCKS = YES;
				GCC_OPTIMIZATION_LEVEL = 0;
				GCC_PREPROCESSOR_DEFINITIONS = (
					"DEBUG=1",
					"$(inherited)",
				);
				GCC_WARN_64_TO_32_BIT_CONVERSION = YES;
				GCC_WARN_ABOUT_RETURN_TYPE = YES_ERROR;
				GCC_WARN_UNDECLARED_SELECTOR = YES;
				GCC_WARN_UNINITIALIZED_AUTOS = YES_AGGRESSIVE;
				GCC_WARN_UNUSED_FUNCTION = YES;
				GCC_WARN_UNUSED_VARIABLE = YES;
				IPHONEOS_DEPLOYMENT_TARGET = 12.1;
				MTL_ENABLE_DEBUG_INFO = INCLUDE_SOURCE;
				MTL_FAST_MATH = YES;
				ONLY_ACTIVE_ARCH = YES;
				SDKROOT = iphoneos;
				SWIFT_ACTIVE_COMPILATION_CONDITIONS = DEBUG;
				SWIFT_OPTIMIZATION_LEVEL = "-Onone";
			};
			name = Debug;
		};
		0DBFFC4621A7FFDE00EA5B37 /* Release */ = {
			isa = XCBuildConfiguration;
			buildSettings = {
				ALWAYS_SEARCH_USER_PATHS = NO;
				CLANG_ANALYZER_NONNULL = YES;
				CLANG_ANALYZER_NUMBER_OBJECT_CONVERSION = YES_AGGRESSIVE;
				CLANG_CXX_LANGUAGE_STANDARD = "gnu++14";
				CLANG_CXX_LIBRARY = "libc++";
				CLANG_ENABLE_MODULES = YES;
				CLANG_ENABLE_OBJC_ARC = YES;
				CLANG_ENABLE_OBJC_WEAK = YES;
				CLANG_WARN_BLOCK_CAPTURE_AUTORELEASING = YES;
				CLANG_WARN_BOOL_CONVERSION = YES;
				CLANG_WARN_COMMA = YES;
				CLANG_WARN_CONSTANT_CONVERSION = YES;
				CLANG_WARN_DEPRECATED_OBJC_IMPLEMENTATIONS = YES;
				CLANG_WARN_DIRECT_OBJC_ISA_USAGE = YES_ERROR;
				CLANG_WARN_DOCUMENTATION_COMMENTS = YES;
				CLANG_WARN_EMPTY_BODY = YES;
				CLANG_WARN_ENUM_CONVERSION = YES;
				CLANG_WARN_INFINITE_RECURSION = YES;
				CLANG_WARN_INT_CONVERSION = YES;
				CLANG_WARN_NON_LITERAL_NULL_CONVERSION = YES;
				CLANG_WARN_OBJC_IMPLICIT_RETAIN_SELF = YES;
				CLANG_WARN_OBJC_LITERAL_CONVERSION = YES;
				CLANG_WARN_OBJC_ROOT_CLASS = YES_ERROR;
				CLANG_WARN_RANGE_LOOP_ANALYSIS = YES;
				CLANG_WARN_STRICT_PROTOTYPES = YES;
				CLANG_WARN_SUSPICIOUS_MOVE = YES;
				CLANG_WARN_UNGUARDED_AVAILABILITY = YES_AGGRESSIVE;
				CLANG_WARN_UNREACHABLE_CODE = YES;
				CLANG_WARN__DUPLICATE_METHOD_MATCH = YES;
				CODE_SIGN_IDENTITY = "iPhone Developer";
				COPY_PHASE_STRIP = NO;
				DEBUG_INFORMATION_FORMAT = "dwarf-with-dsym";
				ENABLE_NS_ASSERTIONS = NO;
				ENABLE_STRICT_OBJC_MSGSEND = YES;
				GCC_C_LANGUAGE_STANDARD = gnu11;
				GCC_NO_COMMON_BLOCKS = YES;
				GCC_WARN_64_TO_32_BIT_CONVERSION = YES;
				GCC_WARN_ABOUT_RETURN_TYPE = YES_ERROR;
				GCC_WARN_UNDECLARED_SELECTOR = YES;
				GCC_WARN_UNINITIALIZED_AUTOS = YES_AGGRESSIVE;
				GCC_WARN_UNUSED_FUNCTION = YES;
				GCC_WARN_UNUSED_VARIABLE = YES;
				IPHONEOS_DEPLOYMENT_TARGET = 12.1;
				MTL_ENABLE_DEBUG_INFO = NO;
				MTL_FAST_MATH = YES;
				SDKROOT = iphoneos;
				SWIFT_COMPILATION_MODE = wholemodule;
				SWIFT_OPTIMIZATION_LEVEL = "-O";
				VALIDATE_PRODUCT = YES;
			};
			name = Release;
		};
		0DBFFC4821A7FFDE00EA5B37 /* Debug */ = {
			isa = XCBuildConfiguration;
			buildSettings = {
				ASSETCATALOG_COMPILER_APPICON_NAME = AppIcon;
				CODE_SIGN_STYLE = Automatic;
				DEVELOPMENT_TEAM = 2F8NZ68BUM;
				INFOPLIST_FILE = ToDoApp/Info.plist;
				LD_RUNPATH_SEARCH_PATHS = (
					"$(inherited)",
					"@executable_path/Frameworks",
				);
				PRODUCT_BUNDLE_IDENTIFIER = com.dontrellthedeveloper.ToDoApp;
				PRODUCT_NAME = "$(TARGET_NAME)";
				SWIFT_VERSION = 4.2;
				TARGETED_DEVICE_FAMILY = "1,2";
			};
			name = Debug;
		};
		0DBFFC4921A7FFDE00EA5B37 /* Release */ = {
			isa = XCBuildConfiguration;
			buildSettings = {
				ASSETCATALOG_COMPILER_APPICON_NAME = AppIcon;
				CODE_SIGN_STYLE = Automatic;
				DEVELOPMENT_TEAM = 2F8NZ68BUM;
				INFOPLIST_FILE = ToDoApp/Info.plist;
				LD_RUNPATH_SEARCH_PATHS = (
					"$(inherited)",
					"@executable_path/Frameworks",
				);
				PRODUCT_BUNDLE_IDENTIFIER = com.dontrellthedeveloper.ToDoApp;
				PRODUCT_NAME = "$(TARGET_NAME)";
				SWIFT_VERSION = 4.2;
				TARGETED_DEVICE_FAMILY = "1,2";
			};
			name = Release;
		};
/* End XCBuildConfiguration section */

/* Begin XCConfigurationList section */
		0DBFFC3021A7FFDD00EA5B37 /* Build configuration list for PBXProject "ToDoApp" */ = {
			isa = XCConfigurationList;
			buildConfigurations = (
				0DBFFC4521A7FFDE00EA5B37 /* Debug */,
				0DBFFC4621A7FFDE00EA5B37 /* Release */,
			);
			defaultConfigurationIsVisible = 0;
			defaultConfigurationName = Release;
		};
		0DBFFC4721A7FFDE00EA5B37 /* Build configuration list for PBXNativeTarget "ToDoApp" */ = {
			isa = XCConfigurationList;
			buildConfigurations = (
				0DBFFC4821A7FFDE00EA5B37 /* Debug */,
				0DBFFC4921A7FFDE00EA5B37 /* Release */,
			);
			defaultConfigurationIsVisible = 0;
			defaultConfigurationName = Release;
		};
/* End XCConfigurationList section */

/* Begin XCVersionGroup section */
		0DBFFC7121A94CF900EA5B37 /* DataModel.xcdatamodeld */ = {
			isa = XCVersionGroup;
			children = (
				0DBFFC7221A94CF900EA5B37 /* DataModel.xcdatamodel */,
			);
			currentVersion = 0DBFFC7221A94CF900EA5B37 /* DataModel.xcdatamodel */;
			path = DataModel.xcdatamodeld;
			sourceTree = "<group>";
			versionGroupType = wrapper.xcdatamodel;
		};
/* End XCVersionGroup section */
	};
	rootObject = 0DBFFC2D21A7FFDD00EA5B37 /* Project object */;
}
